
Microsoft Visual Studio Solution File, Format Version 12.00
# Visual Studio Version 17
VisualStudioVersion = 17.11.35327.3
MinimumVisualStudioVersion = 10.0.40219.1
Project("{9A19103F-16F7-4668-BE54-9A1E7A4F7556}") = "DapperMvcWorkshop", "DapperMvcWorkshop\DapperMvcWorkshop.csproj", "{3307AB21-5F54-4D4A-81B7-A897269B17B4}"
EndProject
Global
	GlobalSection(SolutionConfigurationPlatforms) = preSolution
		Debug|Any CPU = Debug|Any CPU
		Release|Any CPU = Release|Any CPU
	EndGlobalSection
	GlobalSection(ProjectConfigurationPlatforms) = postSolution
		{3307AB21-5F54-4D4A-81B7-A897269B17B4}.Debug|Any CPU.ActiveCfg = Debug|Any CPU
		{3307AB21-5F54-4D4A-81B7-A897269B17B4}.Debug|Any CPU.Build.0 = Debug|Any CPU
		{3307AB21-5F54-4D4A-81B7-A897269B17B4}.Release|Any CPU.ActiveCfg = Release|Any CPU
		{3307AB21-5F54-4D4A-81B7-A897269B17B4}.Release|Any CPU.Build.0 = Release|Any CPU
	EndGlobalSection
	GlobalSection(SolutionProperties) = preSolution
		HideSolutionNode = FALSE
	EndGlobalSection
	GlobalSection(ExtensibilityGlobals) = postSolution
		SolutionGuid = {8BA08D92-BF35-4261-B8AF-3271D315763B}
	EndGlobalSection
EndGlobal
